
Microsoft Visual Studio Solution File, Format Version 12.00
# Visual Studio Version 17
VisualStudioVersion = 17.5.002.0
MinimumVisualStudioVersion = 10.0.40219.1
Project("{9A19103F-16F7-4668-BE54-9A1E7A4F7556}") = "DesafioProjetoHospedagem", "DesafioProjetoHospedagem.csproj", "{BE8436B9-1446-4C7A-89B8-49CAB9B8E589}"
EndProject
Global
	GlobalSection(SolutionConfigurationPlatforms) = preSolution
		Debug|Any CPU = Debug|Any CPU
		Release|Any CPU = Release|Any CPU
	EndGlobalSection
	GlobalSection(ProjectConfigurationPlatforms) = postSolution
		{BE8436B9-1446-4C7A-89B8-49CAB9B8E589}.Debug|Any CPU.ActiveCfg = Debug|Any CPU
		{BE8436B9-1446-4C7A-89B8-49CAB9B8E589}.Debug|Any CPU.Build.0 = Debug|Any CPU
		{BE8436B9-1446-4C7A-89B8-49CAB9B8E589}.Release|Any CPU.ActiveCfg = Release|Any CPU
		{BE8436B9-1446-4C7A-89B8-49CAB9B8E589}.Release|Any CPU.Build.0 = Release|Any CPU
	EndGlobalSection
	GlobalSection(SolutionProperties) = preSolution
		HideSolutionNode = FALSE
	EndGlobalSection
	GlobalSection(ExtensibilityGlobals) = postSolution
		SolutionGuid = {E456F7DF-398C-4BB7-8918-113844E28CAF}
	EndGlobalSection
EndGlobal
